
Microsoft Visual Studio Solution File, Format Version 12.00
# Visual Studio Version 17
VisualStudioVersion = 17.3.32901.215
MinimumVisualStudioVersion = 10.0.40219.1
Project("{8BC9CEB8-8B4A-11D0-8D11-00A0C91BC942}") = "laba3fin", "laba3fin\laba3fin.vcxproj", "{7F1541CF-5877-45F5-98B2-195983B3979D}"
EndProject
Global
	GlobalSection(SolutionConfigurationPlatforms) = preSolution
		Debug|x64 = Debug|x64
		Debug|x86 = Debug|x86
		Release|x64 = Release|x64
		Release|x86 = Release|x86
	EndGlobalSection
	GlobalSection(ProjectConfigurationPlatforms) = postSolution
		{7F1541CF-5877-45F5-98B2-195983B3979D}.Debug|x64.ActiveCfg = Debug|x64
		{7F1541CF-5877-45F5-98B2-195983B3979D}.Debug|x64.Build.0 = Debug|x64
		{7F1541CF-5877-45F5-98B2-195983B3979D}.Debug|x86.ActiveCfg = Debug|Win32
		{7F1541CF-5877-45F5-98B2-195983B3979D}.Debug|x86.Build.0 = Debug|Win32
		{7F1541CF-5877-45F5-98B2-195983B3979D}.Release|x64.ActiveCfg = Release|x64
		{7F1541CF-5877-45F5-98B2-195983B3979D}.Release|x64.Build.0 = Release|x64
		{7F1541CF-5877-45F5-98B2-195983B3979D}.Release|x86.ActiveCfg = Release|Win32
		{7F1541CF-5877-45F5-98B2-195983B3979D}.Release|x86.Build.0 = Release|Win32
	EndGlobalSection
	GlobalSection(SolutionProperties) = preSolution
		HideSolutionNode = FALSE
	EndGlobalSection
	GlobalSection(ExtensibilityGlobals) = postSolution
		SolutionGuid = {9887C21A-0E35-4DE6-BFB3-4CB68B5B781E}
	EndGlobalSection
EndGlobal
